
Microsoft Visual Studio Solution File, Format Version 12.00
# Visual Studio 15
VisualStudioVersion = 15.0.28307.757
MinimumVisualStudioVersion = 10.0.40219.1
Project("{9A19103F-16F7-4668-BE54-9A1E7A4F7556}") = "BGB.Gerencial.Domain.Tests", "BGB.Gerencial.Domain.Tests\BGB.Gerencial.Domain.Tests.csproj", "{748DE59E-29BD-42AA-85A7-67987922CA59}"
EndProject
Project("{9A19103F-16F7-4668-BE54-9A1E7A4F7556}") = "BGB.Gerencial.Domain", "BGB.Gerencial.Domain\BGB.Gerencial.Domain.csproj", "{DE940BF5-354F-47C1-B33A-95D405E3C636}"
EndProject
Project("{2150E333-8FDC-42A3-9474-1A3956D46DE8}") = "Domain", "Domain", "{0C42DFA7-901D-4EA3-A46B-0081727A7746}"
EndProject
Project("{2150E333-8FDC-42A3-9474-1A3956D46DE8}") = "Application", "Application", "{3D754AEC-CEEE-4A8F-8DD7-D0317A85B270}"
EndProject
Project("{FAE04EC0-301F-11D3-BF4B-00C04F79EFBC}") = "BGB.Gerencial.Application", "BGB.Gerencial.Application\BGB.Gerencial.Application.csproj", "{B39EE275-4906-4D89-8C25-322C70C68E86}"
EndProject
Project("{FAE04EC0-301F-11D3-BF4B-00C04F79EFBC}") = "BGB.Gerencial.Application.Tests", "BGB.Gerencial.Application.Tests\BGB.Gerencial.Application.Tests.csproj", "{B9018D68-183F-43A4-B58C-60B3CCE5EBD2}"
EndProject
Project("{2150E333-8FDC-42A3-9474-1A3956D46DE8}") = "Data", "Data", "{79BD8B4A-EC81-474D-A255-75BB586829C0}"
EndProject
Project("{FAE04EC0-301F-11D3-BF4B-00C04F79EFBC}") = "BGB.Gerencial.Data", "BGB.Gerencial.Data\BGB.Gerencial.Data.csproj", "{8264CCE7-B5DF-4796-891A-5F0C9574E0DB}"
EndProject
Project("{2150E333-8FDC-42A3-9474-1A3956D46DE8}") = "Tests", "Tests", "{B7DE1D5B-BC2D-4C30-A92A-054CCDFE1286}"
EndProject
Project("{FAE04EC0-301F-11D3-BF4B-00C04F79EFBC}") = "BGB.Gerencial.FunctionalTests", "BGB.Gerencial.FunctionalTests\BGB.Gerencial.FunctionalTests.csproj", "{669816F4-962A-4E2E-8042-829BE6C20EF0}"
EndProject
Project("{FAE04EC0-301F-11D3-BF4B-00C04F79EFBC}") = "BGB.Gerencial.IntegrationTests", "BGB.Gerencial.IntegrationTests\BGB.Gerencial.IntegrationTests.csproj", "{161F58C4-87EB-4286-84E6-08186D29553B}"
EndProject
Project("{9A19103F-16F7-4668-BE54-9A1E7A4F7556}") = "BGB.Gerencial.UnitTests", "BGB.Gerencial.UnitTests\BGB.Gerencial.UnitTests.csproj", "{CFF821ED-B49E-450D-BE2B-B4DAFCC853C6}"
EndProject
Global
	GlobalSection(SolutionConfigurationPlatforms) = preSolution
		Debug|Any CPU = Debug|Any CPU
		Release|Any CPU = Release|Any CPU
	EndGlobalSection
	GlobalSection(ProjectConfigurationPlatforms) = postSolution
		{748DE59E-29BD-42AA-85A7-67987922CA59}.Debug|Any CPU.ActiveCfg = Debug|Any CPU
		{748DE59E-29BD-42AA-85A7-67987922CA59}.Debug|Any CPU.Build.0 = Debug|Any CPU
		{748DE59E-29BD-42AA-85A7-67987922CA59}.Release|Any CPU.ActiveCfg = Release|Any CPU
		{748DE59E-29BD-42AA-85A7-67987922CA59}.Release|Any CPU.Build.0 = Release|Any CPU
		{DE940BF5-354F-47C1-B33A-95D405E3C636}.Debug|Any CPU.ActiveCfg = Debug|Any CPU
		{DE940BF5-354F-47C1-B33A-95D405E3C636}.Debug|Any CPU.Build.0 = Debug|Any CPU
		{DE940BF5-354F-47C1-B33A-95D405E3C636}.Release|Any CPU.ActiveCfg = Release|Any CPU
		{DE940BF5-354F-47C1-B33A-95D405E3C636}.Release|Any CPU.Build.0 = Release|Any CPU
		{B39EE275-4906-4D89-8C25-322C70C68E86}.Debug|Any CPU.ActiveCfg = Debug|Any CPU
		{B39EE275-4906-4D89-8C25-322C70C68E86}.Debug|Any CPU.Build.0 = Debug|Any CPU
		{B39EE275-4906-4D89-8C25-322C70C68E86}.Release|Any CPU.ActiveCfg = Release|Any CPU
		{B39EE275-4906-4D89-8C25-322C70C68E86}.Release|Any CPU.Build.0 = Release|Any CPU
		{B9018D68-183F-43A4-B58C-60B3CCE5EBD2}.Debug|Any CPU.ActiveCfg = Debug|Any CPU
		{B9018D68-183F-43A4-B58C-60B3CCE5EBD2}.Debug|Any CPU.Build.0 = Debug|Any CPU
		{B9018D68-183F-43A4-B58C-60B3CCE5EBD2}.Release|Any CPU.ActiveCfg = Release|Any CPU
		{B9018D68-183F-43A4-B58C-60B3CCE5EBD2}.Release|Any CPU.Build.0 = Release|Any CPU
		{8264CCE7-B5DF-4796-891A-5F0C9574E0DB}.Debug|Any CPU.ActiveCfg = Debug|Any CPU
		{8264CCE7-B5DF-4796-891A-5F0C9574E0DB}.Debug|Any CPU.Build.0 = Debug|Any CPU
		{8264CCE7-B5DF-4796-891A-5F0C9574E0DB}.Release|Any CPU.ActiveCfg = Release|Any CPU
		{8264CCE7-B5DF-4796-891A-5F0C9574E0DB}.Release|Any CPU.Build.0 = Release|Any CPU
		{669816F4-962A-4E2E-8042-829BE6C20EF0}.Debug|Any CPU.ActiveCfg = Debug|Any CPU
		{669816F4-962A-4E2E-8042-829BE6C20EF0}.Debug|Any CPU.Build.0 = Debug|Any CPU
		{669816F4-962A-4E2E-8042-829BE6C20EF0}.Release|Any CPU.ActiveCfg = Release|Any CPU
		{669816F4-962A-4E2E-8042-829BE6C20EF0}.Release|Any CPU.Build.0 = Release|Any CPU
		{161F58C4-87EB-4286-84E6-08186D29553B}.Debug|Any CPU.ActiveCfg = Debug|Any CPU
		{161F58C4-87EB-4286-84E6-08186D29553B}.Debug|Any CPU.Build.0 = Debug|Any CPU
		{161F58C4-87EB-4286-84E6-08186D29553B}.Release|Any CPU.ActiveCfg = Release|Any CPU
		{161F58C4-87EB-4286-84E6-08186D29553B}.Release|Any CPU.Build.0 = Release|Any CPU
		{CFF821ED-B49E-450D-BE2B-B4DAFCC853C6}.Debug|Any CPU.ActiveCfg = Debug|Any CPU
		{CFF821ED-B49E-450D-BE2B-B4DAFCC853C6}.Debug|Any CPU.Build.0 = Debug|Any CPU
		{CFF821ED-B49E-450D-BE2B-B4DAFCC853C6}.Release|Any CPU.ActiveCfg = Release|Any CPU
		{CFF821ED-B49E-450D-BE2B-B4DAFCC853C6}.Release|Any CPU.Build.0 = Release|Any CPU
	EndGlobalSection
	GlobalSection(SolutionProperties) = preSolution
		HideSolutionNode = FALSE
	EndGlobalSection
	GlobalSection(NestedProjects) = preSolution
		{748DE59E-29BD-42AA-85A7-67987922CA59} = {0C42DFA7-901D-4EA3-A46B-0081727A7746}
		{DE940BF5-354F-47C1-B33A-95D405E3C636} = {0C42DFA7-901D-4EA3-A46B-0081727A7746}
		{B39EE275-4906-4D89-8C25-322C70C68E86} = {3D754AEC-CEEE-4A8F-8DD7-D0317A85B270}
		{B9018D68-183F-43A4-B58C-60B3CCE5EBD2} = {3D754AEC-CEEE-4A8F-8DD7-D0317A85B270}
		{8264CCE7-B5DF-4796-891A-5F0C9574E0DB} = {79BD8B4A-EC81-474D-A255-75BB586829C0}
		{669816F4-962A-4E2E-8042-829BE6C20EF0} = {B7DE1D5B-BC2D-4C30-A92A-054CCDFE1286}
		{161F58C4-87EB-4286-84E6-08186D29553B} = {B7DE1D5B-BC2D-4C30-A92A-054CCDFE1286}
		{CFF821ED-B49E-450D-BE2B-B4DAFCC853C6} = {B7DE1D5B-BC2D-4C30-A92A-054CCDFE1286}
	EndGlobalSection
	GlobalSection(ExtensibilityGlobals) = postSolution
		SolutionGuid = {9548F89E-C336-48B2-803F-E70EF580B6CA}
	EndGlobalSection
EndGlobal
